// !$*UTF8*$!
{
	archiveVersion = 1;
	classes = {
	};
	objectVersion = 56;
	objects = {

/* Begin PBXBuildFile section */
		A10000000000000000000001 /* BetterRemindersApp.swift in Sources */ = {isa = PBXBuildFile; fileRef = A20000000000000000000001 /* BetterRemindersApp.swift */; };
		A10000000000000000000002 /* JobStatus.swift in Sources */ = {isa = PBXBuildFile; fileRef = A20000000000000000000002 /* JobStatus.swift */; };
		A10000000000000000000003 /* ReminderList.swift in Sources */ = {isa = PBXBuildFile; fileRef = A20000000000000000000003 /* ReminderList.swift */; };
		A10000000000000000000004 /* Reminder.swift in Sources */ = {isa = PBXBuildFile; fileRef = A20000000000000000000004 /* Reminder.swift */; };
		A10000000000000000000005 /* ProcessingJob.swift in Sources */ = {isa = PBXBuildFile; fileRef = A20000000000000000000005 /* ProcessingJob.swift */; };
		A10000000000000000000006 /* KeychainHelper.swift in Sources */ = {isa = PBXBuildFile; fileRef = A20000000000000000000006 /* KeychainHelper.swift */; };
		A10000000000000000000007 /* HapticHelper.swift in Sources */ = {isa = PBXBuildFile; fileRef = A20000000000000000000007 /* HapticHelper.swift */; };
		A10000000000000000000008 /* AppSettings.swift in Sources */ = {isa = PBXBuildFile; fileRef = A20000000000000000000008 /* AppSettings.swift */; };
		A10000000000000000000009 /* ListSeeder.swift in Sources */ = {isa = PBXBuildFile; fileRef = A20000000000000000000009 /* ListSeeder.swift */; };
		A1000000000000000000000A /* AudioRecordingService.swift in Sources */ = {isa = PBXBuildFile; fileRef = A2000000000000000000000A /* AudioRecordingService.swift */; };
		A1000000000000000000000B /* SpeechService.swift in Sources */ = {isa = PBXBuildFile; fileRef = A2000000000000000000000B /* SpeechService.swift */; };
		A1000000000000000000000C /* ReminderParserService.swift in Sources */ = {isa = PBXBuildFile; fileRef = A2000000000000000000000C /* ReminderParserService.swift */; };
		A1000000000000000000000D /* ReminderProcessingService.swift in Sources */ = {isa = PBXBuildFile; fileRef = A2000000000000000000000D /* ReminderProcessingService.swift */; };
		A1000000000000000000005D /* RecordingFlowController.swift in Sources */ = {isa = PBXBuildFile; fileRef = A2000000000000000000005D /* RecordingFlowController.swift */; };
		A10000000000000000000067 /* RecordingValidators.swift in Sources */ = {isa = PBXBuildFile; fileRef = A20000000000000000000067 /* RecordingValidators.swift */; };
		A1000000000000000000000E /* ToggleRecordingIntent.swift in Sources */ = {isa = PBXBuildFile; fileRef = A2000000000000000000000E /* ToggleRecordingIntent.swift */; };
		A10000000000000000000058 /* ActionButtonRecordingHandler.swift in Sources */ = {isa = PBXBuildFile; fileRef = A20000000000000000000058 /* ActionButtonRecordingHandler.swift */; };
		A1000000000000000000000F /* BetterRemindersShortcuts.swift in Sources */ = {isa = PBXBuildFile; fileRef = A2000000000000000000000F /* BetterRemindersShortcuts.swift */; };
		A10000000000000000000012 /* HomeView.swift in Sources */ = {isa = PBXBuildFile; fileRef = A2000000000000000000004B /* HomeView.swift */; };
		A10000000000000000000015 /* ReminderDetailView.swift in Sources */ = {isa = PBXBuildFile; fileRef = A20000000000000000000015 /* ReminderDetailView.swift */; };
		A10000000000000000000019 /* SettingsView.swift in Sources */ = {isa = PBXBuildFile; fileRef = A20000000000000000000019 /* SettingsView.swift */; };
		A1000000000000000000004D /* DevPanelView.swift in Sources */ = {isa = PBXBuildFile; fileRef = A2000000000000000000004D /* DevPanelView.swift */; };
		A1000000000000000000001A /* SharedViews.swift in Sources */ = {isa = PBXBuildFile; fileRef = A2000000000000000000001A /* SharedViews.swift */; };
		A1000000000000000000001B /* Assets.xcassets in Resources */ = {isa = PBXBuildFile; fileRef = A2000000000000000000001B /* Assets.xcassets */; };
		A10000000000000000000023 /* NotificationSchedulingService.swift in Sources */ = {isa = PBXBuildFile; fileRef = A20000000000000000000023 /* NotificationSchedulingService.swift */; };
		A10000000000000000000024 /* ProcessingJobCleanupService.swift in Sources */ = {isa = PBXBuildFile; fileRef = A20000000000000000000024 /* ProcessingJobCleanupService.swift */; };
		A10000000000000000000025 /* ReminderFilters.swift in Sources */ = {isa = PBXBuildFile; fileRef = A20000000000000000000025 /* ReminderFilters.swift */; };
		A10000000000000000000028 /* AudioPlaybackService.swift in Sources */ = {isa = PBXBuildFile; fileRef = A20000000000000000000028 /* AudioPlaybackService.swift */; };
		A10000000000000000000029 /* AudioPlaybackView.swift in Sources */ = {isa = PBXBuildFile; fileRef = A20000000000000000000029 /* AudioPlaybackView.swift */; };
		A1000000000000000000002A /* TestFixtures.swift in Sources */ = {isa = PBXBuildFile; fileRef = A2000000000000000000002A /* TestFixtures.swift */; };
		A1000000000000000000002B /* ReminderFiltersTests.swift in Sources */ = {isa = PBXBuildFile; fileRef = A2000000000000000000002B /* ReminderFiltersTests.swift */; };
		A10000000000000000000032 /* RecordingSessionStore.swift in Sources */ = {isa = PBXBuildFile; fileRef = A20000000000000000000022 /* RecordingSessionStore.swift */; };
		A10000000000000000000033 /* ProcessingJobCleanupServiceTests.swift in Sources */ = {isa = PBXBuildFile; fileRef = A20000000000000000000033 /* ProcessingJobCleanupServiceTests.swift */; };
		A10000000000000000000034 /* ReminderParserServiceTests.swift in Sources */ = {isa = PBXBuildFile; fileRef = A20000000000000000000034 /* ReminderParserServiceTests.swift */; };
		A10000000000000000000035 /* NotificationSchedulingServiceTests.swift in Sources */ = {isa = PBXBuildFile; fileRef = A20000000000000000000035 /* NotificationSchedulingServiceTests.swift */; };
		A10000000000000000000040 /* AudioRecordingService.swift in Sources */ = {isa = PBXBuildFile; fileRef = A2000000000000000000000A /* AudioRecordingService.swift */; };
		A10000000000000000000044 /* RecordingSessionStore.swift in Sources */ = {isa = PBXBuildFile; fileRef = A20000000000000000000022 /* RecordingSessionStore.swift */; };
		A10000000000000000000048 /* HapticHelper.swift in Sources */ = {isa = PBXBuildFile; fileRef = A20000000000000000000007 /* HapticHelper.swift */; };
		A1000000000000000000004A /* ActionButtonFlowCoordinator.swift in Sources */ = {isa = PBXBuildFile; fileRef = A20000000000000000000039 /* ActionButtonFlowCoordinator.swift */; };
		A10000000000000000000050 /* BetterRemindersCore.framework in Frameworks */ = {isa = PBXBuildFile; fileRef = A30000000000000000000007 /* BetterRemindersCore.framework */; };
		A10000000000000000000051 /* BetterRemindersCore.framework in Frameworks */ = {isa = PBXBuildFile; fileRef = A30000000000000000000007 /* BetterRemindersCore.framework */; };
		A10000000000000000000052 /* BetterRemindersCore.framework in Embed Frameworks */ = {isa = PBXBuildFile; fileRef = A30000000000000000000007 /* BetterRemindersCore.framework */; settings = {ATTRIBUTES = (CodeSignOnCopy, RemoveHeadersOnCopy, ); }; };
		A10000000000000000000053 /* Reminder+Notifications.swift in Sources */ = {isa = PBXBuildFile; fileRef = A20000000000000000000037 /* Reminder+Notifications.swift */; };
		A10000000000000000000054 /* ListEditView.swift in Sources */ = {isa = PBXBuildFile; fileRef = A20000000000000000000054 /* ListEditView.swift */; };
		A10000000000000000000055 /* AddReminderSheet.swift in Sources */ = {isa = PBXBuildFile; fileRef = A20000000000000000000055 /* AddReminderSheet.swift */; };
		A10000000000000000000056 /* ListDetailView.swift in Sources */ = {isa = PBXBuildFile; fileRef = A20000000000000000000056 /* ListDetailView.swift */; };
		A1000000000000000000006A /* RecordingSheetView.swift in Sources */ = {isa = PBXBuildFile; fileRef = A2000000000000000000006A /* RecordingSheetView.swift */; };
		A1000000000000000000006B /* GlobalTaskSearchView.swift in Sources */ = {isa = PBXBuildFile; fileRef = A2000000000000000000006B /* GlobalTaskSearchView.swift */; };
		A1000000000000000000005F /* DurationFormatter.swift in Sources */ = {isa = PBXBuildFile; fileRef = A2000000000000000000005F /* DurationFormatter.swift */; };
		A10000000000000000000060 /* Color+Hex.swift in Sources */ = {isa = PBXBuildFile; fileRef = A20000000000000000000060 /* Color+Hex.swift */; };
		A10000000000000000000061 /* ParsedReminder.swift in Sources */ = {isa = PBXBuildFile; fileRef = A20000000000000000000061 /* ParsedReminder.swift */; };
		A10000000000000000000062 /* ListStyle.swift in Sources */ = {isa = PBXBuildFile; fileRef = A20000000000000000000062 /* ListStyle.swift */; };
		A10000000000000000000063 /* Reminder+Display.swift in Sources */ = {isa = PBXBuildFile; fileRef = A20000000000000000000063 /* Reminder+Display.swift */; };
		A10000000000000000000066 /* ReminderRowView.swift in Sources */ = {isa = PBXBuildFile; fileRef = A20000000000000000000066 /* ReminderRowView.swift */; };
		A1000000000000000000005B /* SharedUserDefaults.swift in Sources */ = {isa = PBXBuildFile; fileRef = A2000000000000000000005B /* SharedUserDefaults.swift */; };
		A1000000000000000000005C /* RecordingValidation.swift in Sources */ = {isa = PBXBuildFile; fileRef = A2000000000000000000005C /* RecordingValidation.swift */; };
		A1000000000000000000005E /* AppConfiguration.swift in Sources */ = {isa = PBXBuildFile; fileRef = A2000000000000000000005E /* AppConfiguration.swift */; };
		A10000000000000000000069 /* AppGroupStorage.swift in Sources */ = {isa = PBXBuildFile; fileRef = A20000000000000000000069 /* AppGroupStorage.swift */; };
/* End PBXBuildFile section */

/* Begin PBXContainerItemProxy section */
		A40000000000000000000002 /* PBXContainerItemProxy */ = {
			isa = PBXContainerItemProxy;
			containerPortal = A50000000000000000000001 /* Project object */;
			proxyType = 1;
			remoteGlobalIDString = A30000000000000000000003;
			remoteInfo = BetterReminders;
		};
		A40000000000000000000003 /* PBXContainerItemProxy */ = {
			isa = PBXContainerItemProxy;
			containerPortal = A50000000000000000000001 /* Project object */;
			proxyType = 1;
			remoteGlobalIDString = A30000000000000000000008;
			remoteInfo = BetterRemindersCore;
		};
/* End PBXContainerItemProxy section */

/* Begin PBXCopyFilesBuildPhase section */
		A60000000000000000000002 /* Embed Frameworks */ = {
			isa = PBXCopyFilesBuildPhase;
			buildActionMask = 2147483647;
			dstPath = "";
			dstSubfolderSpec = 10;
			files = (
				A10000000000000000000052 /* BetterRemindersCore.framework in Embed Frameworks */,
			);
			name = "Embed Frameworks";
			runOnlyForDeploymentPostprocessing = 0;
		};
/* End PBXCopyFilesBuildPhase section */

/* Begin PBXFileReference section */
		A20000000000000000000001 /* BetterRemindersApp.swift */ = {isa = PBXFileReference; lastKnownFileType = sourcecode.swift; path = BetterRemindersApp.swift; sourceTree = "<group>"; };
		A20000000000000000000002 /* JobStatus.swift */ = {isa = PBXFileReference; lastKnownFileType = sourcecode.swift; path = JobStatus.swift; sourceTree = "<group>"; };
		A20000000000000000000003 /* ReminderList.swift */ = {isa = PBXFileReference; lastKnownFileType = sourcecode.swift; path = ReminderList.swift; sourceTree = "<group>"; };
		A20000000000000000000004 /* Reminder.swift */ = {isa = PBXFileReference; lastKnownFileType = sourcecode.swift; path = Reminder.swift; sourceTree = "<group>"; };
		A20000000000000000000005 /* ProcessingJob.swift */ = {isa = PBXFileReference; lastKnownFileType = sourcecode.swift; path = ProcessingJob.swift; sourceTree = "<group>"; };
		A20000000000000000000006 /* KeychainHelper.swift */ = {isa = PBXFileReference; lastKnownFileType = sourcecode.swift; path = KeychainHelper.swift; sourceTree = "<group>"; };
		A20000000000000000000007 /* HapticHelper.swift */ = {isa = PBXFileReference; lastKnownFileType = sourcecode.swift; path = HapticHelper.swift; sourceTree = "<group>"; };
		A20000000000000000000008 /* AppSettings.swift */ = {isa = PBXFileReference; lastKnownFileType = sourcecode.swift; path = AppSettings.swift; sourceTree = "<group>"; };
		A20000000000000000000009 /* ListSeeder.swift */ = {isa = PBXFileReference; lastKnownFileType = sourcecode.swift; path = ListSeeder.swift; sourceTree = "<group>"; };
		A2000000000000000000000A /* AudioRecordingService.swift */ = {isa = PBXFileReference; lastKnownFileType = sourcecode.swift; path = AudioRecordingService.swift; sourceTree = "<group>"; };
		A2000000000000000000000B /* SpeechService.swift */ = {isa = PBXFileReference; lastKnownFileType = sourcecode.swift; path = SpeechService.swift; sourceTree = "<group>"; };
		A2000000000000000000000C /* ReminderParserService.swift */ = {isa = PBXFileReference; lastKnownFileType = sourcecode.swift; path = ReminderParserService.swift; sourceTree = "<group>"; };
		A2000000000000000000000D /* ReminderProcessingService.swift */ = {isa = PBXFileReference; lastKnownFileType = sourcecode.swift; path = ReminderProcessingService.swift; sourceTree = "<group>"; };
		A2000000000000000000000E /* ToggleRecordingIntent.swift */ = {isa = PBXFileReference; lastKnownFileType = sourcecode.swift; path = ToggleRecordingIntent.swift; sourceTree = "<group>"; };
		A20000000000000000000058 /* ActionButtonRecordingHandler.swift */ = {isa = PBXFileReference; lastKnownFileType = sourcecode.swift; path = ActionButtonRecordingHandler.swift; sourceTree = "<group>"; };
		A2000000000000000000000F /* BetterRemindersShortcuts.swift */ = {isa = PBXFileReference; lastKnownFileType = sourcecode.swift; path = BetterRemindersShortcuts.swift; sourceTree = "<group>"; };
		A2000000000000000000004B /* HomeView.swift */ = {isa = PBXFileReference; lastKnownFileType = sourcecode.swift; path = HomeView.swift; sourceTree = "<group>"; };
		A2000000000000000000004D /* DevPanelView.swift */ = {isa = PBXFileReference; lastKnownFileType = sourcecode.swift; path = DevPanelView.swift; sourceTree = "<group>"; };
		A20000000000000000000015 /* ReminderDetailView.swift */ = {isa = PBXFileReference; lastKnownFileType = sourcecode.swift; path = ReminderDetailView.swift; sourceTree = "<group>"; };
		A20000000000000000000019 /* SettingsView.swift */ = {isa = PBXFileReference; lastKnownFileType = sourcecode.swift; path = SettingsView.swift; sourceTree = "<group>"; };
		A2000000000000000000001A /* SharedViews.swift */ = {isa = PBXFileReference; lastKnownFileType = sourcecode.swift; path = SharedViews.swift; sourceTree = "<group>"; };
		A2000000000000000000001B /* Assets.xcassets */ = {isa = PBXFileReference; lastKnownFileType = folder.assetcatalog; path = Assets.xcassets; sourceTree = "<group>"; };
		A2000000000000000000001D /* Info.plist */ = {isa = PBXFileReference; lastKnownFileType = text.plist.xml; path = Info.plist; sourceTree = "<group>"; };
		A2000000000000000000001E /* BetterReminders.entitlements */ = {isa = PBXFileReference; lastKnownFileType = text.plist.entitlements; path = BetterReminders.entitlements; sourceTree = "<group>"; };
		A20000000000000000000022 /* RecordingSessionStore.swift */ = {isa = PBXFileReference; lastKnownFileType = sourcecode.swift; path = RecordingSessionStore.swift; sourceTree = "<group>"; };
		A20000000000000000000023 /* NotificationSchedulingService.swift */ = {isa = PBXFileReference; lastKnownFileType = sourcecode.swift; path = NotificationSchedulingService.swift; sourceTree = "<group>"; };
		A20000000000000000000024 /* ProcessingJobCleanupService.swift */ = {isa = PBXFileReference; lastKnownFileType = sourcecode.swift; path = ProcessingJobCleanupService.swift; sourceTree = "<group>"; };
		A20000000000000000000025 /* ReminderFilters.swift */ = {isa = PBXFileReference; lastKnownFileType = sourcecode.swift; path = ReminderFilters.swift; sourceTree = "<group>"; };
		A20000000000000000000028 /* AudioPlaybackService.swift */ = {isa = PBXFileReference; lastKnownFileType = sourcecode.swift; path = AudioPlaybackService.swift; sourceTree = "<group>"; };
		A20000000000000000000029 /* AudioPlaybackView.swift */ = {isa = PBXFileReference; lastKnownFileType = sourcecode.swift; path = AudioPlaybackView.swift; sourceTree = "<group>"; };
		A2000000000000000000002A /* TestFixtures.swift */ = {isa = PBXFileReference; lastKnownFileType = sourcecode.swift; path = TestFixtures.swift; sourceTree = "<group>"; };
		A2000000000000000000002B /* ReminderFiltersTests.swift */ = {isa = PBXFileReference; lastKnownFileType = sourcecode.swift; path = ReminderFiltersTests.swift; sourceTree = "<group>"; };
		A20000000000000000000033 /* ProcessingJobCleanupServiceTests.swift */ = {isa = PBXFileReference; lastKnownFileType = sourcecode.swift; path = ProcessingJobCleanupServiceTests.swift; sourceTree = "<group>"; };
		A20000000000000000000034 /* ReminderParserServiceTests.swift */ = {isa = PBXFileReference; lastKnownFileType = sourcecode.swift; path = ReminderParserServiceTests.swift; sourceTree = "<group>"; };
		A20000000000000000000035 /* NotificationSchedulingServiceTests.swift */ = {isa = PBXFileReference; lastKnownFileType = sourcecode.swift; path = NotificationSchedulingServiceTests.swift; sourceTree = "<group>"; };
		A20000000000000000000037 /* Reminder+Notifications.swift */ = {isa = PBXFileReference; lastKnownFileType = sourcecode.swift; path = "Reminder+Notifications.swift"; sourceTree = "<group>"; };
		A20000000000000000000038 /* BetterRemindersCore.entitlements */ = {isa = PBXFileReference; lastKnownFileType = text.plist.entitlements; path = BetterRemindersCore.entitlements; sourceTree = "<group>"; };
		A20000000000000000000039 /* ActionButtonFlowCoordinator.swift */ = {isa = PBXFileReference; lastKnownFileType = sourcecode.swift; path = ActionButtonFlowCoordinator.swift; sourceTree = "<group>"; };
		A20000000000000000000054 /* ListEditView.swift */ = {isa = PBXFileReference; lastKnownFileType = sourcecode.swift; path = ListEditView.swift; sourceTree = "<group>"; };
		A20000000000000000000055 /* AddReminderSheet.swift */ = {isa = PBXFileReference; lastKnownFileType = sourcecode.swift; path = AddReminderSheet.swift; sourceTree = "<group>"; };
		A20000000000000000000056 /* ListDetailView.swift */ = {isa = PBXFileReference; lastKnownFileType = sourcecode.swift; path = ListDetailView.swift; sourceTree = "<group>"; };
		A2000000000000000000006A /* RecordingSheetView.swift */ = {isa = PBXFileReference; lastKnownFileType = sourcecode.swift; path = RecordingSheetView.swift; sourceTree = "<group>"; };
		A2000000000000000000006B /* GlobalTaskSearchView.swift */ = {isa = PBXFileReference; lastKnownFileType = sourcecode.swift; path = GlobalTaskSearchView.swift; sourceTree = "<group>"; };
		A20000000000000000000066 /* ReminderRowView.swift */ = {isa = PBXFileReference; lastKnownFileType = sourcecode.swift; path = ReminderRowView.swift; sourceTree = "<group>"; };
		A2000000000000000000005B /* SharedUserDefaults.swift */ = {isa = PBXFileReference; lastKnownFileType = sourcecode.swift; path = SharedUserDefaults.swift; sourceTree = "<group>"; };
		A2000000000000000000005C /* RecordingValidation.swift */ = {isa = PBXFileReference; lastKnownFileType = sourcecode.swift; path = RecordingValidation.swift; sourceTree = "<group>"; };
		A2000000000000000000005D /* RecordingFlowController.swift */ = {isa = PBXFileReference; lastKnownFileType = sourcecode.swift; path = RecordingFlowController.swift; sourceTree = "<group>"; };
		A20000000000000000000067 /* RecordingValidators.swift */ = {isa = PBXFileReference; lastKnownFileType = sourcecode.swift; path = RecordingValidators.swift; sourceTree = "<group>"; };
		A2000000000000000000005E /* AppConfiguration.swift */ = {isa = PBXFileReference; lastKnownFileType = sourcecode.swift; path = AppConfiguration.swift; sourceTree = "<group>"; };
		A2000000000000000000005F /* DurationFormatter.swift */ = {isa = PBXFileReference; lastKnownFileType = sourcecode.swift; path = DurationFormatter.swift; sourceTree = "<group>"; };
		A20000000000000000000060 /* Color+Hex.swift */ = {isa = PBXFileReference; lastKnownFileType = sourcecode.swift; path = "Color+Hex.swift"; sourceTree = "<group>"; };
		A20000000000000000000061 /* ParsedReminder.swift */ = {isa = PBXFileReference; lastKnownFileType = sourcecode.swift; path = ParsedReminder.swift; sourceTree = "<group>"; };
		A20000000000000000000062 /* ListStyle.swift */ = {isa = PBXFileReference; lastKnownFileType = sourcecode.swift; path = ListStyle.swift; sourceTree = "<group>"; };
		A20000000000000000000063 /* Reminder+Display.swift */ = {isa = PBXFileReference; lastKnownFileType = sourcecode.swift; path = "Reminder+Display.swift"; sourceTree = "<group>"; };
		A20000000000000000000069 /* AppGroupStorage.swift */ = {isa = PBXFileReference; lastKnownFileType = sourcecode.swift; path = AppGroupStorage.swift; sourceTree = "<group>"; };
		A30000000000000000000001 /* BetterReminders.app */ = {isa = PBXFileReference; explicitFileType = wrapper.application; includeInIndex = 0; path = BetterReminders.app; sourceTree = BUILT_PRODUCTS_DIR; };
		A30000000000000000000005 /* BetterRemindersTests.xctest */ = {isa = PBXFileReference; explicitFileType = wrapper.cfbundle; includeInIndex = 0; path = BetterRemindersTests.xctest; sourceTree = BUILT_PRODUCTS_DIR; };
		A30000000000000000000007 /* BetterRemindersCore.framework */ = {isa = PBXFileReference; explicitFileType = wrapper.framework; includeInIndex = 0; path = BetterRemindersCore.framework; sourceTree = BUILT_PRODUCTS_DIR; };
/* End PBXFileReference section */

/* Begin PBXFrameworksBuildPhase section */
		A70000000000000000000001 /* Frameworks */ = {
			isa = PBXFrameworksBuildPhase;
			buildActionMask = 2147483647;
			files = (
				A10000000000000000000050 /* BetterRemindersCore.framework in Frameworks */,
			);
			runOnlyForDeploymentPostprocessing = 0;
		};
		A70000000000000000000002 /* Frameworks */ = {
			isa = PBXFrameworksBuildPhase;
			buildActionMask = 2147483647;
			files = (
				A10000000000000000000051 /* BetterRemindersCore.framework in Frameworks */,
			);
			runOnlyForDeploymentPostprocessing = 0;
		};
		A70000000000000000000003 /* Frameworks */ = {
			isa = PBXFrameworksBuildPhase;
			buildActionMask = 2147483647;
			files = (
			);
			runOnlyForDeploymentPostprocessing = 0;
		};
		A70000000000000000000004 /* Frameworks */ = {
			isa = PBXFrameworksBuildPhase;
			buildActionMask = 2147483647;
			files = (
			);
			runOnlyForDeploymentPostprocessing = 0;
		};
/* End PBXFrameworksBuildPhase section */

/* Begin PBXGroup section */
		A80000000000000000000001 = {
			isa = PBXGroup;
			children = (
				A80000000000000000000002 /* BetterReminders */,
				A8000000000000000000000D /* BetterRemindersCore */,
				A8000000000000000000000C /* BetterRemindersTests */,
				A80000000000000000000004 /* Products */,
			);
			sourceTree = "<group>";
		};
		A80000000000000000000002 /* BetterReminders */ = {
			isa = PBXGroup;
			children = (
				A80000000000000000000005 /* App */,
				A80000000000000000000006 /* Models */,
				A80000000000000000000007 /* Services */,
				A80000000000000000000008 /* Intents */,
				A8000000000000000000000A /* Views */,
				A8000000000000000000000B /* Utilities */,
				A2000000000000000000001B /* Assets.xcassets */,
				A2000000000000000000001D /* Info.plist */,
				A2000000000000000000001E /* BetterReminders.entitlements */,
			);
			path = BetterReminders;
			sourceTree = "<group>";
		};
		A8000000000000000000000D /* BetterRemindersCore */ = {
			isa = PBXGroup;
			children = (
				A2000000000000000000000A /* AudioRecordingService.swift */,
				A20000000000000000000022 /* RecordingSessionStore.swift */,
				A20000000000000000000007 /* HapticHelper.swift */,
				A20000000000000000000039 /* ActionButtonFlowCoordinator.swift */,
				A2000000000000000000005C /* RecordingValidation.swift */,
				A2000000000000000000005E /* AppConfiguration.swift */,
				A20000000000000000000069 /* AppGroupStorage.swift */,
				A2000000000000000000005B /* SharedUserDefaults.swift */,
				A20000000000000000000038 /* BetterRemindersCore.entitlements */,
			);
			path = BetterRemindersCore;
			sourceTree = "<group>";
		};
		A80000000000000000000004 /* Products */ = {
			isa = PBXGroup;
			children = (
				A30000000000000000000001 /* BetterReminders.app */,
				A30000000000000000000007 /* BetterRemindersCore.framework */,
				A30000000000000000000005 /* BetterRemindersTests.xctest */,
			);
			name = Products;
			sourceTree = "<group>";
		};
		A80000000000000000000005 /* App */ = {
			isa = PBXGroup;
			children = (
				A20000000000000000000001 /* BetterRemindersApp.swift */,
			);
			path = App;
			sourceTree = "<group>";
		};
		A80000000000000000000006 /* Models */ = {
			isa = PBXGroup;
			children = (
				A20000000000000000000002 /* JobStatus.swift */,
				A20000000000000000000003 /* ReminderList.swift */,
				A20000000000000000000004 /* Reminder.swift */,
				A20000000000000000000063 /* Reminder+Display.swift */,
				A20000000000000000000037 /* Reminder+Notifications.swift */,
				A20000000000000000000061 /* ParsedReminder.swift */,
				A20000000000000000000062 /* ListStyle.swift */,
				A20000000000000000000005 /* ProcessingJob.swift */,
			);
			path = Models;
			sourceTree = "<group>";
		};
		A80000000000000000000007 /* Services */ = {
			isa = PBXGroup;
			children = (
				A20000000000000000000008 /* AppSettings.swift */,
				A20000000000000000000009 /* ListSeeder.swift */,
				A20000000000000000000028 /* AudioPlaybackService.swift */,
				A2000000000000000000000B /* SpeechService.swift */,
				A2000000000000000000000C /* ReminderParserService.swift */,
				A2000000000000000000000D /* ReminderProcessingService.swift */,
				A2000000000000000000005D /* RecordingFlowController.swift */,
				A20000000000000000000067 /* RecordingValidators.swift */,
				A20000000000000000000023 /* NotificationSchedulingService.swift */,
				A20000000000000000000024 /* ProcessingJobCleanupService.swift */,
			);
			path = Services;
			sourceTree = "<group>";
		};
		A80000000000000000000008 /* Intents */ = {
			isa = PBXGroup;
			children = (
				A2000000000000000000000E /* ToggleRecordingIntent.swift */,
				A20000000000000000000058 /* ActionButtonRecordingHandler.swift */,
				A2000000000000000000000F /* BetterRemindersShortcuts.swift */,
			);
			path = Intents;
			sourceTree = "<group>";
		};
		A8000000000000000000000A /* Views */ = {
			isa = PBXGroup;
			children = (
				A8000000000000000000000E /* Components */,
				A2000000000000000000004B /* HomeView.swift */,
				A20000000000000000000056 /* ListDetailView.swift */,
				A2000000000000000000006A /* RecordingSheetView.swift */,
				A2000000000000000000006B /* GlobalTaskSearchView.swift */,
				A20000000000000000000054 /* ListEditView.swift */,
				A20000000000000000000055 /* AddReminderSheet.swift */,
				A20000000000000000000015 /* ReminderDetailView.swift */,
				A20000000000000000000019 /* SettingsView.swift */,
				A2000000000000000000004D /* DevPanelView.swift */,
				A20000000000000000000029 /* AudioPlaybackView.swift */,
				A2000000000000000000001A /* SharedViews.swift */,
			);
			path = Views;
			sourceTree = "<group>";
		};
		A8000000000000000000000E /* Components */ = {
			isa = PBXGroup;
			children = (
				A20000000000000000000066 /* ReminderRowView.swift */,
			);
			path = Components;
			sourceTree = "<group>";
		};
		A8000000000000000000000B /* Utilities */ = {
			isa = PBXGroup;
			children = (
				A20000000000000000000006 /* KeychainHelper.swift */,
				A20000000000000000000025 /* ReminderFilters.swift */,
				A2000000000000000000005F /* DurationFormatter.swift */,
				A20000000000000000000060 /* Color+Hex.swift */,
			);
			path = Utilities;
			sourceTree = "<group>";
		};
		A8000000000000000000000C /* BetterRemindersTests */ = {
			isa = PBXGroup;
			children = (
				A2000000000000000000002A /* TestFixtures.swift */,
				A2000000000000000000002B /* ReminderFiltersTests.swift */,
				A20000000000000000000033 /* ProcessingJobCleanupServiceTests.swift */,
				A20000000000000000000034 /* ReminderParserServiceTests.swift */,
				A20000000000000000000035 /* NotificationSchedulingServiceTests.swift */,
			);
			path = BetterRemindersTests;
			sourceTree = "<group>";
		};
/* End PBXGroup section */

/* Begin PBXNativeTarget section */
		A30000000000000000000003 /* BetterReminders */ = {
			isa = PBXNativeTarget;
			buildConfigurationList = A90000000000000000000003 /* Build configuration list for PBXNativeTarget "BetterReminders" */;
			buildPhases = (
				AA0000000000000000000001 /* Sources */,
				A70000000000000000000001 /* Frameworks */,
				AA0000000000000000000002 /* Resources */,
				A60000000000000000000002 /* Embed Frameworks */,
			);
			buildRules = (
			);
			dependencies = (
				AA0000000000000000000008 /* PBXTargetDependency */,
			);
			name = BetterReminders;
			productName = BetterReminders;
			productReference = A30000000000000000000001 /* BetterReminders.app */;
			productType = "com.apple.product-type.application";
		};
		A30000000000000000000006 /* BetterRemindersTests */ = {
			isa = PBXNativeTarget;
			buildConfigurationList = A90000000000000000000005 /* Build configuration list for PBXNativeTarget "BetterRemindersTests" */;
			buildPhases = (
				AA0000000000000000000007 /* Sources */,
				A70000000000000000000003 /* Frameworks */,
			);
			buildRules = (
			);
			dependencies = (
				AA0000000000000000000006 /* PBXTargetDependency */,
			);
			name = BetterRemindersTests;
			productName = BetterRemindersTests;
			productReference = A30000000000000000000005 /* BetterRemindersTests.xctest */;
			productType = "com.apple.product-type.bundle.unit-test";
		};
		A30000000000000000000008 /* BetterRemindersCore */ = {
			isa = PBXNativeTarget;
			buildConfigurationList = A90000000000000000000006 /* Build configuration list for PBXNativeTarget "BetterRemindersCore" */;
			buildPhases = (
				AA000000000000000000000B /* Sources */,
				A70000000000000000000004 /* Frameworks */,
			);
			buildRules = (
			);
			dependencies = (
			);
			name = BetterRemindersCore;
			productName = BetterRemindersCore;
			productReference = A30000000000000000000007 /* BetterRemindersCore.framework */;
			productType = "com.apple.product-type.framework";
		};
/* End PBXNativeTarget section */

/* Begin PBXProject section */
		A50000000000000000000001 /* Project object */ = {
			isa = PBXProject;
			attributes = {
				BuildIndependentTargetsInParallel = 1;
				LastSwiftUpdateCheck = 1600;
				LastUpgradeCheck = 1600;
				TargetAttributes = {
					A30000000000000000000003 = {
						CreatedOnToolsVersion = 16.0;
					};
					A30000000000000000000006 = {
						CreatedOnToolsVersion = 16.0;
						TestTargetID = A30000000000000000000003;
					};
					A30000000000000000000008 = {
						CreatedOnToolsVersion = 16.0;
					};
				};
			};
			buildConfigurationList = A90000000000000000000001 /* Build configuration list for PBXProject "BetterReminders" */;
			compatibilityVersion = "Xcode 14.0";
			developmentRegion = en;
			hasScannedForEncodings = 0;
			knownRegions = (
				en,
				Base,
			);
			mainGroup = A80000000000000000000001;
			productRefGroup = A80000000000000000000004 /* Products */;
			projectDirPath = "";
			projectRoot = "";
			targets = (
				A30000000000000000000003 /* BetterReminders */,
				A30000000000000000000008 /* BetterRemindersCore */,
				A30000000000000000000006 /* BetterRemindersTests */,
			);
		};
/* End PBXProject section */

/* Begin PBXResourcesBuildPhase section */
		AA0000000000000000000002 /* Resources */ = {
			isa = PBXResourcesBuildPhase;
			buildActionMask = 2147483647;
			files = (
				A1000000000000000000001B /* Assets.xcassets in Resources */,
			);
			runOnlyForDeploymentPostprocessing = 0;
		};
/* End PBXResourcesBuildPhase section */

/* Begin PBXSourcesBuildPhase section */
		AA0000000000000000000001 /* Sources */ = {
			isa = PBXSourcesBuildPhase;
			buildActionMask = 2147483647;
			files = (
				A10000000000000000000001 /* BetterRemindersApp.swift in Sources */,
				A10000000000000000000002 /* JobStatus.swift in Sources */,
				A10000000000000000000003 /* ReminderList.swift in Sources */,
				A10000000000000000000004 /* Reminder.swift in Sources */,
				A10000000000000000000063 /* Reminder+Display.swift in Sources */,
				A10000000000000000000053 /* Reminder+Notifications.swift in Sources */,
				A10000000000000000000061 /* ParsedReminder.swift in Sources */,
				A10000000000000000000062 /* ListStyle.swift in Sources */,
				A10000000000000000000005 /* ProcessingJob.swift in Sources */,
				A10000000000000000000006 /* KeychainHelper.swift in Sources */,
				A10000000000000000000025 /* ReminderFilters.swift in Sources */,
				A1000000000000000000005F /* DurationFormatter.swift in Sources */,
				A10000000000000000000060 /* Color+Hex.swift in Sources */,
				A10000000000000000000008 /* AppSettings.swift in Sources */,
				A10000000000000000000009 /* ListSeeder.swift in Sources */,
				A10000000000000000000028 /* AudioPlaybackService.swift in Sources */,
				A1000000000000000000000B /* SpeechService.swift in Sources */,
				A1000000000000000000000C /* ReminderParserService.swift in Sources */,
				A1000000000000000000000D /* ReminderProcessingService.swift in Sources */,
				A1000000000000000000005D /* RecordingFlowController.swift in Sources */,
				A10000000000000000000067 /* RecordingValidators.swift in Sources */,
				A10000000000000000000023 /* NotificationSchedulingService.swift in Sources */,
				A10000000000000000000024 /* ProcessingJobCleanupService.swift in Sources */,
				A1000000000000000000000E /* ToggleRecordingIntent.swift in Sources */,
				A10000000000000000000058 /* ActionButtonRecordingHandler.swift in Sources */,
				A1000000000000000000000F /* BetterRemindersShortcuts.swift in Sources */,
				A10000000000000000000012 /* HomeView.swift in Sources */,
				A10000000000000000000056 /* ListDetailView.swift in Sources */,
				A1000000000000000000006A /* RecordingSheetView.swift in Sources */,
				A1000000000000000000006B /* GlobalTaskSearchView.swift in Sources */,
				A10000000000000000000066 /* ReminderRowView.swift in Sources */,
				A10000000000000000000054 /* ListEditView.swift in Sources */,
				A10000000000000000000055 /* AddReminderSheet.swift in Sources */,
				A10000000000000000000015 /* ReminderDetailView.swift in Sources */,
				A10000000000000000000019 /* SettingsView.swift in Sources */,
				A1000000000000000000004D /* DevPanelView.swift in Sources */,
				A10000000000000000000029 /* AudioPlaybackView.swift in Sources */,
				A1000000000000000000001A /* SharedViews.swift in Sources */,
			);
			runOnlyForDeploymentPostprocessing = 0;
		};
		AA0000000000000000000007 /* Sources */ = {
			isa = PBXSourcesBuildPhase;
			buildActionMask = 2147483647;
			files = (
				A1000000000000000000002A /* TestFixtures.swift in Sources */,
				A1000000000000000000002B /* ReminderFiltersTests.swift in Sources */,
				A10000000000000000000033 /* ProcessingJobCleanupServiceTests.swift in Sources */,
				A10000000000000000000034 /* ReminderParserServiceTests.swift in Sources */,
				A10000000000000000000035 /* NotificationSchedulingServiceTests.swift in Sources */,
			);
			runOnlyForDeploymentPostprocessing = 0;
		};
		AA000000000000000000000B /* Sources */ = {
			isa = PBXSourcesBuildPhase;
			buildActionMask = 2147483647;
			files = (
				A10000000000000000000040 /* AudioRecordingService.swift in Sources */,
				A10000000000000000000044 /* RecordingSessionStore.swift in Sources */,
				A10000000000000000000048 /* HapticHelper.swift in Sources */,
				A1000000000000000000004A /* ActionButtonFlowCoordinator.swift in Sources */,
				A1000000000000000000005B /* SharedUserDefaults.swift in Sources */,
				A1000000000000000000005C /* RecordingValidation.swift in Sources */,
				A1000000000000000000005E /* AppConfiguration.swift in Sources */,
				A10000000000000000000069 /* AppGroupStorage.swift in Sources */,
			);
			runOnlyForDeploymentPostprocessing = 0;
		};
/* End PBXSourcesBuildPhase section */

/* Begin PBXTargetDependency section */
		AA0000000000000000000006 /* PBXTargetDependency */ = {
			isa = PBXTargetDependency;
			target = A30000000000000000000003 /* BetterReminders */;
			targetProxy = A40000000000000000000002 /* PBXContainerItemProxy */;
		};
		AA0000000000000000000008 /* PBXTargetDependency */ = {
			isa = PBXTargetDependency;
			target = A30000000000000000000008 /* BetterRemindersCore */;
			targetProxy = A40000000000000000000003 /* PBXContainerItemProxy */;
		};
/* End PBXTargetDependency section */

/* Begin XCBuildConfiguration section */
		AB0000000000000000000001 /* Debug */ = {
			isa = XCBuildConfiguration;
			buildSettings = {
				ALWAYS_SEARCH_USER_PATHS = NO;
				ASSETCATALOG_COMPILER_GENERATE_SWIFT_ASSET_SYMBOL_EXTENSIONS = YES;
				CLANG_ENABLE_MODULES = YES;
				CLANG_ENABLE_OBJC_ARC = YES;
				COPY_PHASE_STRIP = NO;
				DEBUG_INFORMATION_FORMAT = dwarf;
				ENABLE_STRICT_OBJC_MSGSEND = YES;
				ENABLE_TESTABILITY = YES;
				GCC_DYNAMIC_NO_PIC = NO;
				GCC_OPTIMIZATION_LEVEL = 0;
				GCC_PREPROCESSOR_DEFINITIONS = (
					"DEBUG=1",
					"$(inherited)",
				);
				IPHONEOS_DEPLOYMENT_TARGET = 18.0;
				MTL_ENABLE_DEBUG_INFO = INCLUDE_SOURCE;
				ONLY_ACTIVE_ARCH = YES;
				SDKROOT = iphoneos;
				SWIFT_ACTIVE_COMPILATION_CONDITIONS = "DEBUG $(inherited)";
				SWIFT_OPTIMIZATION_LEVEL = "-Onone";
				SWIFT_VERSION = 5.0;
			};
			name = Debug;
		};
		AB0000000000000000000002 /* Release */ = {
			isa = XCBuildConfiguration;
			buildSettings = {
				ALWAYS_SEARCH_USER_PATHS = NO;
				ASSETCATALOG_COMPILER_GENERATE_SWIFT_ASSET_SYMBOL_EXTENSIONS = YES;
				CLANG_ENABLE_MODULES = YES;
				CLANG_ENABLE_OBJC_ARC = YES;
				COPY_PHASE_STRIP = NO;
				DEBUG_INFORMATION_FORMAT = "dwarf-with-dsym";
				ENABLE_NS_ASSERTIONS = NO;
				ENABLE_STRICT_OBJC_MSGSEND = YES;
				GCC_OPTIMIZATION_LEVEL = s;
				IPHONEOS_DEPLOYMENT_TARGET = 18.0;
				MTL_ENABLE_DEBUG_INFO = NO;
				SDKROOT = iphoneos;
				SWIFT_COMPILATION_MODE = wholemodule;
				SWIFT_VERSION = 5.0;
				VALIDATE_PRODUCT = YES;
			};
			name = Release;
		};
		AB0000000000000000000003 /* Debug */ = {
			isa = XCBuildConfiguration;
			buildSettings = {
				ASSETCATALOG_COMPILER_APPICON_NAME = AppIcon;
				ASSETCATALOG_COMPILER_GLOBAL_ACCENT_COLOR_NAME = AccentColor;
				CODE_SIGN_ENTITLEMENTS = BetterReminders/BetterReminders.entitlements;
				CODE_SIGN_STYLE = Automatic;
				CURRENT_PROJECT_VERSION = 1;
				DEVELOPMENT_TEAM = 59T6929373;
				ENABLE_PREVIEWS = YES;
				GENERATE_INFOPLIST_FILE = YES;
				INFOPLIST_FILE = BetterReminders/Info.plist;
				INFOPLIST_KEY_CFBundleDisplayName = BetterReminders;
				INFOPLIST_KEY_LSApplicationCategoryType = "public.app-category.productivity";
				INFOPLIST_KEY_UIApplicationSceneManifest_Generation = YES;
				INFOPLIST_KEY_UILaunchScreen_Generation = YES;
				INFOPLIST_KEY_UISupportedInterfaceOrientations = UIInterfaceOrientationPortrait;
				LD_RUNPATH_SEARCH_PATHS = (
					"$(inherited)",
					"@executable_path/Frameworks",
				);
				MARKETING_VERSION = 1.0;
				PRODUCT_BUNDLE_IDENTIFIER = com.betterreminders.app;
				PRODUCT_NAME = "$(TARGET_NAME)";
				SWIFT_EMIT_LOC_STRINGS = YES;
				TARGETED_DEVICE_FAMILY = 1;
			};
			name = Debug;
		};
		AB0000000000000000000004 /* Release */ = {
			isa = XCBuildConfiguration;
			buildSettings = {
				ASSETCATALOG_COMPILER_APPICON_NAME = AppIcon;
				ASSETCATALOG_COMPILER_GLOBAL_ACCENT_COLOR_NAME = AccentColor;
				CODE_SIGN_ENTITLEMENTS = BetterReminders/BetterReminders.entitlements;
				CODE_SIGN_STYLE = Automatic;
				CURRENT_PROJECT_VERSION = 1;
				DEVELOPMENT_TEAM = 59T6929373;
				ENABLE_PREVIEWS = YES;
				GENERATE_INFOPLIST_FILE = YES;
				INFOPLIST_FILE = BetterReminders/Info.plist;
				INFOPLIST_KEY_CFBundleDisplayName = BetterReminders;
				INFOPLIST_KEY_LSApplicationCategoryType = "public.app-category.productivity";
				INFOPLIST_KEY_UIApplicationSceneManifest_Generation = YES;
				INFOPLIST_KEY_UILaunchScreen_Generation = YES;
				INFOPLIST_KEY_UISupportedInterfaceOrientations = UIInterfaceOrientationPortrait;
				LD_RUNPATH_SEARCH_PATHS = (
					"$(inherited)",
					"@executable_path/Frameworks",
				);
				MARKETING_VERSION = 1.0;
				PRODUCT_BUNDLE_IDENTIFIER = com.betterreminders.app;
				PRODUCT_NAME = "$(TARGET_NAME)";
				SWIFT_EMIT_LOC_STRINGS = YES;
				TARGETED_DEVICE_FAMILY = 1;
			};
			name = Release;
		};
		AB0000000000000000000007 /* Debug */ = {
			isa = XCBuildConfiguration;
			buildSettings = {
				BUNDLE_LOADER = "$(TEST_HOST)";
				CODE_SIGN_STYLE = Automatic;
				CURRENT_PROJECT_VERSION = 1;
				DEVELOPMENT_TEAM = 59T6929373;
				GENERATE_INFOPLIST_FILE = YES;
				IPHONEOS_DEPLOYMENT_TARGET = 18.0;
				MARKETING_VERSION = 1.0;
				PRODUCT_BUNDLE_IDENTIFIER = com.betterreminders.app.tests;
				PRODUCT_NAME = "$(TARGET_NAME)";
				SWIFT_EMIT_LOC_STRINGS = NO;
				SWIFT_VERSION = 5.0;
				TARGETED_DEVICE_FAMILY = 1;
				TEST_HOST = "$(BUILT_PRODUCTS_DIR)/BetterReminders.app/$(BUNDLE_EXECUTABLE_FOLDER_PATH)/BetterReminders";
			};
			name = Debug;
		};
		AB0000000000000000000008 /* Release */ = {
			isa = XCBuildConfiguration;
			buildSettings = {
				BUNDLE_LOADER = "$(TEST_HOST)";
				CODE_SIGN_STYLE = Automatic;
				CURRENT_PROJECT_VERSION = 1;
				DEVELOPMENT_TEAM = 59T6929373;
				GENERATE_INFOPLIST_FILE = YES;
				IPHONEOS_DEPLOYMENT_TARGET = 18.0;
				MARKETING_VERSION = 1.0;
				PRODUCT_BUNDLE_IDENTIFIER = com.betterreminders.app.tests;
				PRODUCT_NAME = "$(TARGET_NAME)";
				SWIFT_EMIT_LOC_STRINGS = NO;
				SWIFT_VERSION = 5.0;
				TARGETED_DEVICE_FAMILY = 1;
				TEST_HOST = "$(BUILT_PRODUCTS_DIR)/BetterReminders.app/$(BUNDLE_EXECUTABLE_FOLDER_PATH)/BetterReminders";
			};
			name = Release;
		};
		AB0000000000000000000009 /* Debug */ = {
			isa = XCBuildConfiguration;
			buildSettings = {
				CODE_SIGN_ENTITLEMENTS = BetterRemindersCore/BetterRemindersCore.entitlements;
				CODE_SIGN_STYLE = Automatic;
				CURRENT_PROJECT_VERSION = 1;
				DEFINES_MODULE = YES;
				DEVELOPMENT_TEAM = 59T6929373;
				DYLIB_INSTALL_NAME_BASE = "@rpath";
				GENERATE_INFOPLIST_FILE = YES;
				INFOPLIST_KEY_NSHumanReadableCopyright = "";
				INSTALL_PATH = "$(LOCAL_LIBRARY_DIR)/Frameworks";
				IPHONEOS_DEPLOYMENT_TARGET = 18.0;
				LD_RUNPATH_SEARCH_PATHS = (
					"$(inherited)",
					"@executable_path/Frameworks",
					"@loader_path/Frameworks",
				);
				MARKETING_VERSION = 1.0;
				PRODUCT_BUNDLE_IDENTIFIER = com.betterreminders.app.core;
				PRODUCT_NAME = "$(TARGET_NAME:c99extidentifier)";
				SKIP_INSTALL = YES;
				SWIFT_EMIT_LOC_STRINGS = YES;
				SWIFT_VERSION = 5.0;
				TARGETED_DEVICE_FAMILY = 1;
				VERSIONING_SYSTEM = "apple-generic";
				VERSION_INFO_PREFIX = "";
			};
			name = Debug;
		};
		AB000000000000000000000A /* Release */ = {
			isa = XCBuildConfiguration;
			buildSettings = {
				CODE_SIGN_ENTITLEMENTS = BetterRemindersCore/BetterRemindersCore.entitlements;
				CODE_SIGN_STYLE = Automatic;
				CURRENT_PROJECT_VERSION = 1;
				DEFINES_MODULE = YES;
				DEVELOPMENT_TEAM = 59T6929373;
				DYLIB_INSTALL_NAME_BASE = "@rpath";
				GENERATE_INFOPLIST_FILE = YES;
				INFOPLIST_KEY_NSHumanReadableCopyright = "";
				INSTALL_PATH = "$(LOCAL_LIBRARY_DIR)/Frameworks";
				IPHONEOS_DEPLOYMENT_TARGET = 18.0;
				LD_RUNPATH_SEARCH_PATHS = (
					"$(inherited)",
					"@executable_path/Frameworks",
					"@loader_path/Frameworks",
				);
				MARKETING_VERSION = 1.0;
				PRODUCT_BUNDLE_IDENTIFIER = com.betterreminders.app.core;
				PRODUCT_NAME = "$(TARGET_NAME:c99extidentifier)";
				SKIP_INSTALL = YES;
				SWIFT_EMIT_LOC_STRINGS = YES;
				SWIFT_VERSION = 5.0;
				TARGETED_DEVICE_FAMILY = 1;
				VERSIONING_SYSTEM = "apple-generic";
				VERSION_INFO_PREFIX = "";
			};
			name = Release;
		};
/* End XCBuildConfiguration section */

/* Begin XCConfigurationList section */
		A90000000000000000000001 /* Build configuration list for PBXProject "BetterReminders" */ = {
			isa = XCConfigurationList;
			buildConfigurations = (
				AB0000000000000000000001 /* Debug */,
				AB0000000000000000000002 /* Release */,
			);
			defaultConfigurationIsVisible = 0;
			defaultConfigurationName = Release;
		};
		A90000000000000000000003 /* Build configuration list for PBXNativeTarget "BetterReminders" */ = {
			isa = XCConfigurationList;
			buildConfigurations = (
				AB0000000000000000000003 /* Debug */,
				AB0000000000000000000004 /* Release */,
			);
			defaultConfigurationIsVisible = 0;
			defaultConfigurationName = Release;
		};
		A90000000000000000000005 /* Build configuration list for PBXNativeTarget "BetterRemindersTests" */ = {
			isa = XCConfigurationList;
			buildConfigurations = (
				AB0000000000000000000007 /* Debug */,
				AB0000000000000000000008 /* Release */,
			);
			defaultConfigurationIsVisible = 0;
			defaultConfigurationName = Release;
		};
		A90000000000000000000006 /* Build configuration list for PBXNativeTarget "BetterRemindersCore" */ = {
			isa = XCConfigurationList;
			buildConfigurations = (
				AB0000000000000000000009 /* Debug */,
				AB000000000000000000000A /* Release */,
			);
			defaultConfigurationIsVisible = 0;
			defaultConfigurationName = Release;
		};
/* End XCConfigurationList section */
	};
	rootObject = A50000000000000000000001 /* Project object */;
}
